
Microsoft Visual Studio Solution File, Format Version 12.00
# Visual Studio 2013
VisualStudioVersion = 12.0.21005.1
MinimumVisualStudioVersion = 10.0.40219.1
Project("{FAE04EC0-301F-11D3-BF4B-00C04F79EFBC}") = "Interfaces", "Interfaces\Interfaces.csproj", "{B6FAFFD3-645A-4F33-BD77-EC6CD7200E10}"
EndProject
Project("{FAE04EC0-301F-11D3-BF4B-00C04F79EFBC}") = "Extention Methods", "Extention Methods\Extention Methods.csproj", "{7B49C17D-79A7-4D12-8FF7-85FFD8A4DE2D}"
EndProject
Project("{FAE04EC0-301F-11D3-BF4B-00C04F79EFBC}") = "Log4Net", "Log4Net\Log4Net.csproj", "{3BA35EA2-4248-4C50-A147-4A27BE98E772}"
EndProject
Project("{FAE04EC0-301F-11D3-BF4B-00C04F79EFBC}") = "StaticConstructor", "StaticConstructor\StaticConstructor.csproj", "{2969DEB6-B65E-4C05-81D3-7762FA9ACDF0}"
EndProject
Project("{FAE04EC0-301F-11D3-BF4B-00C04F79EFBC}") = "ConstructorAndDestructor", "ConstructorAndDestructor\ConstructorAndDestructor.csproj", "{FE53B88C-FEAE-4063-BF89-340335C3DE92}"
EndProject
Project("{FAE04EC0-301F-11D3-BF4B-00C04F79EFBC}") = "SO_Questions", "SO_Questions\SO_Questions.csproj", "{AFEDC889-018C-49CD-AE3D-8A2219C6D503}"
EndProject
Project("{FAE04EC0-301F-11D3-BF4B-00C04F79EFBC}") = "Garbage Collection", "Garbage Collection\Garbage Collection.csproj", "{D03DC14E-F5F4-4C97-BB8C-3E9D9455C913}"
EndProject
Project("{FAE04EC0-301F-11D3-BF4B-00C04F79EFBC}") = "Generics", "Generics\Generics.csproj", "{E3E8C19B-9E2A-4BBE-9B0B-358B756C3D3E}"
EndProject
Project("{FAE04EC0-301F-11D3-BF4B-00C04F79EFBC}") = "Parallel Programming", "Parallel Programming\Parallel Programming.csproj", "{3EAE2A8A-4196-49FB-BC1C-465309C74BA2}"
EndProject
Project("{FAE04EC0-301F-11D3-BF4B-00C04F79EFBC}") = "Asynchronous Programming", "Asynchronous Programming\Asynchronous Programming.csproj", "{EA0DDBB7-5D44-4A59-BF6C-8BFE727FD841}"
EndProject
Project("{FAE04EC0-301F-11D3-BF4B-00C04F79EFBC}") = "Threading", "Threading\Threading.csproj", "{C7EC75F6-49C9-4B12-B964-FD259A62C612}"
EndProject
Project("{FAE04EC0-301F-11D3-BF4B-00C04F79EFBC}") = "DelegatesAndEvents", "DelegatesAndEvents\DelegatesAndEvents.csproj", "{23A6C22D-AA9B-4A8B-8B43-B9C629FD60B1}"
EndProject
Project("{FAE04EC0-301F-11D3-BF4B-00C04F79EFBC}") = "Collections", "Collections\Collections.csproj", "{17899E07-1893-4677-B367-48A45658B950}"
EndProject
Project("{FAE04EC0-301F-11D3-BF4B-00C04F79EFBC}") = "HackerEarth", "HackerEarth\HackerEarth.csproj", "{65DF0863-4EB8-4A15-BFE7-046F20E20D59}"
EndProject
Global
	GlobalSection(SolutionConfigurationPlatforms) = preSolution
		Debug|Any CPU = Debug|Any CPU
		Release|Any CPU = Release|Any CPU
	EndGlobalSection
	GlobalSection(ProjectConfigurationPlatforms) = postSolution
		{B6FAFFD3-645A-4F33-BD77-EC6CD7200E10}.Debug|Any CPU.ActiveCfg = Debug|Any CPU
		{B6FAFFD3-645A-4F33-BD77-EC6CD7200E10}.Debug|Any CPU.Build.0 = Debug|Any CPU
		{B6FAFFD3-645A-4F33-BD77-EC6CD7200E10}.Release|Any CPU.ActiveCfg = Release|Any CPU
		{B6FAFFD3-645A-4F33-BD77-EC6CD7200E10}.Release|Any CPU.Build.0 = Release|Any CPU
		{7B49C17D-79A7-4D12-8FF7-85FFD8A4DE2D}.Debug|Any CPU.ActiveCfg = Debug|Any CPU
		{7B49C17D-79A7-4D12-8FF7-85FFD8A4DE2D}.Debug|Any CPU.Build.0 = Debug|Any CPU
		{7B49C17D-79A7-4D12-8FF7-85FFD8A4DE2D}.Release|Any CPU.ActiveCfg = Release|Any CPU
		{7B49C17D-79A7-4D12-8FF7-85FFD8A4DE2D}.Release|Any CPU.Build.0 = Release|Any CPU
		{3BA35EA2-4248-4C50-A147-4A27BE98E772}.Debug|Any CPU.ActiveCfg = Debug|Any CPU
		{3BA35EA2-4248-4C50-A147-4A27BE98E772}.Debug|Any CPU.Build.0 = Debug|Any CPU
		{3BA35EA2-4248-4C50-A147-4A27BE98E772}.Release|Any CPU.ActiveCfg = Release|Any CPU
		{3BA35EA2-4248-4C50-A147-4A27BE98E772}.Release|Any CPU.Build.0 = Release|Any CPU
		{2969DEB6-B65E-4C05-81D3-7762FA9ACDF0}.Debug|Any CPU.ActiveCfg = Debug|Any CPU
		{2969DEB6-B65E-4C05-81D3-7762FA9ACDF0}.Debug|Any CPU.Build.0 = Debug|Any CPU
		{2969DEB6-B65E-4C05-81D3-7762FA9ACDF0}.Release|Any CPU.ActiveCfg = Release|Any CPU
		{2969DEB6-B65E-4C05-81D3-7762FA9ACDF0}.Release|Any CPU.Build.0 = Release|Any CPU
		{FE53B88C-FEAE-4063-BF89-340335C3DE92}.Debug|Any CPU.ActiveCfg = Debug|Any CPU
		{FE53B88C-FEAE-4063-BF89-340335C3DE92}.Debug|Any CPU.Build.0 = Debug|Any CPU
		{FE53B88C-FEAE-4063-BF89-340335C3DE92}.Release|Any CPU.ActiveCfg = Release|Any CPU
		{FE53B88C-FEAE-4063-BF89-340335C3DE92}.Release|Any CPU.Build.0 = Release|Any CPU
		{AFEDC889-018C-49CD-AE3D-8A2219C6D503}.Debug|Any CPU.ActiveCfg = Debug|Any CPU
		{AFEDC889-018C-49CD-AE3D-8A2219C6D503}.Debug|Any CPU.Build.0 = Debug|Any CPU
		{AFEDC889-018C-49CD-AE3D-8A2219C6D503}.Release|Any CPU.ActiveCfg = Release|Any CPU
		{AFEDC889-018C-49CD-AE3D-8A2219C6D503}.Release|Any CPU.Build.0 = Release|Any CPU
		{D03DC14E-F5F4-4C97-BB8C-3E9D9455C913}.Debug|Any CPU.ActiveCfg = Debug|Any CPU
		{D03DC14E-F5F4-4C97-BB8C-3E9D9455C913}.Debug|Any CPU.Build.0 = Debug|Any CPU
		{D03DC14E-F5F4-4C97-BB8C-3E9D9455C913}.Release|Any CPU.ActiveCfg = Release|Any CPU
		{D03DC14E-F5F4-4C97-BB8C-3E9D9455C913}.Release|Any CPU.Build.0 = Release|Any CPU
		{E3E8C19B-9E2A-4BBE-9B0B-358B756C3D3E}.Debug|Any CPU.ActiveCfg = Debug|Any CPU
		{E3E8C19B-9E2A-4BBE-9B0B-358B756C3D3E}.Debug|Any CPU.Build.0 = Debug|Any CPU
		{E3E8C19B-9E2A-4BBE-9B0B-358B756C3D3E}.Release|Any CPU.ActiveCfg = Release|Any CPU
		{E3E8C19B-9E2A-4BBE-9B0B-358B756C3D3E}.Release|Any CPU.Build.0 = Release|Any CPU
		{3EAE2A8A-4196-49FB-BC1C-465309C74BA2}.Debug|Any CPU.ActiveCfg = Debug|Any CPU
		{3EAE2A8A-4196-49FB-BC1C-465309C74BA2}.Debug|Any CPU.Build.0 = Debug|Any CPU
		{3EAE2A8A-4196-49FB-BC1C-465309C74BA2}.Release|Any CPU.ActiveCfg = Release|Any CPU
		{3EAE2A8A-4196-49FB-BC1C-465309C74BA2}.Release|Any CPU.Build.0 = Release|Any CPU
		{EA0DDBB7-5D44-4A59-BF6C-8BFE727FD841}.Debug|Any CPU.ActiveCfg = Debug|Any CPU
		{EA0DDBB7-5D44-4A59-BF6C-8BFE727FD841}.Debug|Any CPU.Build.0 = Debug|Any CPU
		{EA0DDBB7-5D44-4A59-BF6C-8BFE727FD841}.Release|Any CPU.ActiveCfg = Release|Any CPU
		{EA0DDBB7-5D44-4A59-BF6C-8BFE727FD841}.Release|Any CPU.Build.0 = Release|Any CPU
		{C7EC75F6-49C9-4B12-B964-FD259A62C612}.Debug|Any CPU.ActiveCfg = Debug|Any CPU
		{C7EC75F6-49C9-4B12-B964-FD259A62C612}.Debug|Any CPU.Build.0 = Debug|Any CPU
		{C7EC75F6-49C9-4B12-B964-FD259A62C612}.Release|Any CPU.ActiveCfg = Release|Any CPU
		{C7EC75F6-49C9-4B12-B964-FD259A62C612}.Release|Any CPU.Build.0 = Release|Any CPU
		{23A6C22D-AA9B-4A8B-8B43-B9C629FD60B1}.Debug|Any CPU.ActiveCfg = Debug|Any CPU
		{23A6C22D-AA9B-4A8B-8B43-B9C629FD60B1}.Debug|Any CPU.Build.0 = Debug|Any CPU
		{23A6C22D-AA9B-4A8B-8B43-B9C629FD60B1}.Release|Any CPU.ActiveCfg = Release|Any CPU
		{23A6C22D-AA9B-4A8B-8B43-B9C629FD60B1}.Release|Any CPU.Build.0 = Release|Any CPU
		{17899E07-1893-4677-B367-48A45658B950}.Debug|Any CPU.ActiveCfg = Debug|Any CPU
		{17899E07-1893-4677-B367-48A45658B950}.Debug|Any CPU.Build.0 = Debug|Any CPU
		{17899E07-1893-4677-B367-48A45658B950}.Release|Any CPU.ActiveCfg = Release|Any CPU
		{17899E07-1893-4677-B367-48A45658B950}.Release|Any CPU.Build.0 = Release|Any CPU
		{65DF0863-4EB8-4A15-BFE7-046F20E20D59}.Debug|Any CPU.ActiveCfg = Debug|Any CPU
		{65DF0863-4EB8-4A15-BFE7-046F20E20D59}.Debug|Any CPU.Build.0 = Debug|Any CPU
		{65DF0863-4EB8-4A15-BFE7-046F20E20D59}.Release|Any CPU.ActiveCfg = Release|Any CPU
		{65DF0863-4EB8-4A15-BFE7-046F20E20D59}.Release|Any CPU.Build.0 = Release|Any CPU
	EndGlobalSection
	GlobalSection(SolutionProperties) = preSolution
		HideSolutionNode = FALSE
	EndGlobalSection
EndGlobal
